Microsoft Visual Studio Solution File, Format Version 12.00
# Visual Studio Version 17
VisualStudioVersion = 17.5.2.0
MinimumVisualStudioVersion = 10.0.40219.1
Project("{FAE04EC0-301F-11D3-BF4B-00C04F79EFBC}") = "CSharpAdventOfCode", "CSharpAdventOfCode.csproj", "{8FA564E6-6320-1777-0337-3EFFB39EF972}"
EndProject
Global
	GlobalSection(SolutionConfigurationPlatforms) = preSolution
		Debug|Any CPU = Debug|Any CPU
		Release|Any CPU = Release|Any CPU
	EndGlobalSection
	GlobalSection(ProjectConfigurationPlatforms) = postSolution
		{8FA564E6-6320-1777-0337-3EFFB39EF972}.Debug|Any CPU.ActiveCfg = Debug|Any CPU
		{8FA564E6-6320-1777-0337-3EFFB39EF972}.Debug|Any CPU.Build.0 = Debug|Any CPU
		{8FA564E6-6320-1777-0337-3EFFB39EF972}.Release|Any CPU.ActiveCfg = Release|Any CPU
		{8FA564E6-6320-1777-0337-3EFFB39EF972}.Release|Any CPU.Build.0 = Release|Any CPU
	EndGlobalSection
	GlobalSection(SolutionProperties) = preSolution
		HideSolutionNode = FALSE
	EndGlobalSection
	GlobalSection(ExtensibilityGlobals) = postSolution
		SolutionGuid = {8AC3A6BD-BEFD-44DB-AABB-D0D934DB97A6}
	EndGlobalSection
EndGlobal
